
Microsoft Visual Studio Solution File, Format Version 11.00
# Visual Studio 2010
Project("{8BC9CEB8-8B4A-11D0-8D11-00A0C91BC942}") = "Converter", "Converter.vcxproj", "{44E9CBC0-85BB-4A73-A676-920B94247EAF}"
EndProject
Global
	GlobalSection(SolutionConfigurationPlatforms) = preSolution
		Debug|Win32 = Debug|Win32
		Release|Win32 = Release|Win32
	EndGlobalSection
	GlobalSection(ProjectConfigurationPlatforms) = postSolution
		{44E9CBC0-85BB-4A73-A676-920B94247EAF}.Debug|Win32.ActiveCfg = Debug|Win32
		{44E9CBC0-85BB-4A73-A676-920B94247EAF}.Debug|Win32.Build.0 = Debug|Win32
		{44E9CBC0-85BB-4A73-A676-920B94247EAF}.Release|Win32.ActiveCfg = Release|Win32
		{44E9CBC0-85BB-4A73-A676-920B94247EAF}.Release|Win32.Build.0 = Release|Win32
	EndGlobalSection
	GlobalSection(SolutionProperties) = preSolution
		HideSolutionNode = FALSE
	EndGlobalSection
EndGlobal
