<?xml version="1.0" encoding="utf-8"?>
<Project ToolsVersion="4.0" xmlns="http://schemas.microsoft.com/developer/msbuild/2003">
  <ItemGroup>
    <Filter Include="Source Files">
      <UniqueIdentifier>{4FC737F1-C7A5-4376-A066-2A32D752A2FF}</UniqueIdentifier>
      <Extensions>cpp;c;cc;cxx;def;odl;idl;hpj;bat;asm;asmx</Extensions>
    </Filter>
    <Filter Include="Utils">
      <UniqueIdentifier>{36114a90-f915-46ec-9548-bc6afc09e7fe}</UniqueIdentifier>
    </Filter>
  </ItemGroup>
  <ItemGroup>
    <ClCompile Include="Converter.cpp">
      <Filter>Source Files</Filter>
    </ClCompile>
    <ClCompile Include="source\Buffer.cpp">
      <Filter>Utils</Filter>
    </ClCompile>
    <ClCompile Include="source\FileIO.cpp">
      <Filter>Utils</Filter>
    </ClCompile>
    <ClCompile Include="source\ColorConversion.cpp">
      <Filter>Utils</Filter>
    </ClCompile>
    <ClCompile Include="source\GLEngine.cpp">
      <Filter>Utils</Filter>
    </ClCompile>
    <ClCompile Include="source\Window.cpp">
      <Filter>Utils</Filter>
    </ClCompile>
    <ClCompile Include="source\GLExtentions.cpp">
      <Filter>Utils</Filter>
    </ClCompile>
    <ClCompile Include="source\Thread.cpp">
      <Filter>Utils</Filter>
    </ClCompile>
  </ItemGroup>
  <ItemGroup>
    <ClInclude Include="Converter.h">
      <Filter>Source Files</Filter>
    </ClInclude>
    <ClInclude Include="source\Buffer.h">
      <Filter>Utils</Filter>
    </ClInclude>
    <ClInclude Include="source\FileIO.h">
      <Filter>Utils</Filter>
    </ClInclude>
    <ClInclude Include="source\Window.h">
      <Filter>Utils</Filter>
    </ClInclude>
    <ClInclude Include="source\ColorConversion.h">
      <Filter>Utils</Filter>
    </ClInclude>
    <ClInclude Include="source\GLEngine.h">
      <Filter>Utils</Filter>
    </ClInclude>
    <ClInclude Include="source\GLExtentions.h">
      <Filter>Utils</Filter>
    </ClInclude>
    <ClInclude Include="source\Rectangle.h">
      <Filter>Utils</Filter>
    </ClInclude>
    <ClInclude Include="source\Thread.h">
      <Filter>Utils</Filter>
    </ClInclude>
  </ItemGroup>
  <ItemGroup>
    <None Include="Converter.def">
      <Filter>Source Files</Filter>
    </None>
  </ItemGroup>
</Project>